
Microsoft Visual Studio Solution File, Format Version 12.00
# Visual Studio Version 17
VisualStudioVersion = 17.5.33424.131
MinimumVisualStudioVersion = 10.0.40219.1
Project("{FAE04EC0-301F-11D3-BF4B-00C04F79EFBC}") = "WpfColorPicker", "WpfColorPicker.csproj", "{CD0DAE78-B9E5-4BD0-82A1-1374865D31C7}"
EndProject
Global
	GlobalSection(SolutionConfigurationPlatforms) = preSolution
		Debug|Any CPU = Debug|Any CPU
		Release|Any CPU = Release|Any CPU
	EndGlobalSection
	GlobalSection(ProjectConfigurationPlatforms) = postSolution
		{CD0DAE78-B9E5-4BD0-82A1-1374865D31C7}.Debug|Any CPU.ActiveCfg = Debug|Any CPU
		{CD0DAE78-B9E5-4BD0-82A1-1374865D31C7}.Debug|Any CPU.Build.0 = Debug|Any CPU
		{CD0DAE78-B9E5-4BD0-82A1-1374865D31C7}.Release|Any CPU.ActiveCfg = Release|Any CPU
		{CD0DAE78-B9E5-4BD0-82A1-1374865D31C7}.Release|Any CPU.Build.0 = Release|Any CPU
	EndGlobalSection
	GlobalSection(SolutionProperties) = preSolution
		HideSolutionNode = FALSE
	EndGlobalSection
	GlobalSection(ExtensibilityGlobals) = postSolution
		SolutionGuid = {5817C324-E6F0-431A-B9BA-9EFB08BEEE36}
	EndGlobalSection
EndGlobal
